{
  "name": "mywebsite",
  "lockfileVersion": 2,
  "requires": true,
  "packages": {
    "": {
      "dependencies": {
        "react-scrollreveal": "^1.2.0"
      }
    },
    "node_modules/is-dom-node": {
      "version": "1.0.4",
      "resolved": "https://registry.npmjs.org/is-dom-node/-/is-dom-node-1.0.4.tgz",
      "integrity": "sha512-NEnTHKCeyGJTL0cKdzATF8SWzyTMYf5CbNKWBvsXvyMxZG32g+a09qkeCbrfQNLTD85CbPeHb4YjIJCjyzF0yA==",
      "peer": true
    },
    "node_modules/is-dom-node-list": {
      "version": "1.2.1",
      "resolved": "https://registry.npmjs.org/is-dom-node-list/-/is-dom-node-list-1.2.1.tgz",
      "integrity": "sha512-P1H071iT5TGG8pAHslhrLDo/tQLYc8tGuWABVqhGU4l2mm7aDNb9cx2myQ2AujEQO6B2cAujcW4a0/+6UfXInw==",
      "peer": true,
      "dependencies": {
        "is-dom-node": "^1.0.4"
      }
    },
    "node_modules/js-tokens": {
      "version": "4.0.0",
      "resolved": "https://registry.npmjs.org/js-tokens/-/js-tokens-4.0.0.tgz",
      "integrity": "sha512-RdJUflcE3cUzKiMqQgsCu06FPu9UdIJO0beYbPhHN4k6apgJtifcoCtT9bcxOpYBtpD2kCM6Sbzg4CausW/PKQ==",
      "peer": true
    },
    "node_modules/loose-envify": {
      "version": "1.4.0",
      "resolved": "https://registry.npmjs.org/loose-envify/-/loose-envify-1.4.0.tgz",
      "integrity": "sha512-lyuxPGr/Wfhrlem2CL/UcnUc1zcqKAImBDzukY7Y5F/yQiNdko6+fRLevlw1HgMySw7f611UIY408EtxRSoK3Q==",
      "peer": true,
      "dependencies": {
        "js-tokens": "^3.0.0 || ^4.0.0"
      },
      "bin": {
        "loose-envify": "cli.js"
      }
    },
    "node_modules/miniraf": {
      "version": "1.0.0",
      "resolved": "https://registry.npmjs.org/miniraf/-/miniraf-1.0.0.tgz",
      "integrity": "sha512-XpvhtJYzVrpXe+JoAthrT9E40NIrSDDMcdHEYL2M+lR/OCas0nadetcBBq/MWYqlgV5aDWVQ3mfAqd+fG6Y/EQ==",
      "peer": true
    },
    "node_modules/object-assign": {
      "version": "4.1.1",
      "resolved": "https://registry.npmjs.org/object-assign/-/object-assign-4.1.1.tgz",
      "integrity": "sha512-rJgTQnkUnH1sFw8yT6VSU3zD3sWmu6sZhIseY8VX+GRu3P6F7Fu+JNDoXfklElbLJSnc3FUQHVe4cU5hj+BcUg==",
      "peer": true,
      "engines": {
        "node": ">=0.10.0"
      }
    },
    "node_modules/prop-types": {
      "version": "15.8.1",
      "resolved": "https://registry.npmjs.org/prop-types/-/prop-types-15.8.1.tgz",
      "integrity": "sha512-oj87CgZICdulUohogVAR7AjlC0327U4el4L6eAvOqCeudMDVU0NThNaV+b9Df4dXgSP1gXMTnPdhfe/2qDH5cg==",
      "peer": true,
      "dependencies": {
        "loose-envify": "^1.4.0",
        "object-assign": "^4.1.1",
        "react-is": "^16.13.1"
      }
    },
    "node_modules/react": {
      "version": "16.14.0",
      "resolved": "https://registry.npmjs.org/react/-/react-16.14.0.tgz",
      "integrity": "sha512-0X2CImDkJGApiAlcf0ODKIneSwBPhqJawOa5wCtKbu7ZECrmS26NvtSILynQ66cgkT/RJ4LidJOc3bUESwmU8g==",
      "peer": true,
      "dependencies": {
        "loose-envify": "^1.1.0",
        "object-assign": "^4.1.1",
        "prop-types": "^15.6.2"
      },
      "engines": {
        "node": ">=0.10.0"
      }
    },
    "node_modules/react-dom": {
      "version": "16.14.0",
      "resolved": "https://registry.npmjs.org/react-dom/-/react-dom-16.14.0.tgz",
      "integrity": "sha512-1gCeQXDLoIqMgqD3IO2Ah9bnf0w9kzhwN5q4FGnHZ67hBm9yePzB5JJAIQCc8x3pFnNlwFq4RidZggNAAkzWWw==",
      "peer": true,
      "dependencies": {
        "loose-envify": "^1.1.0",
        "object-assign": "^4.1.1",
        "prop-types": "^15.6.2",
        "scheduler": "^0.19.1"
      },
      "peerDependencies": {
        "react": "^16.14.0"
      }
    },
    "node_modules/react-is": {
      "version": "16.13.1",
      "resolved": "https://registry.npmjs.org/react-is/-/react-is-16.13.1.tgz",
      "integrity": "sha512-24e6ynE2H+OKt4kqsOvNd8kBpV65zoxbA4BVsEOB3ARVWQki/DHzaUoC5KuON/BiccDaCCTZBuOcfZs70kR8bQ==",
      "peer": true
    },
    "node_modules/react-scrollreveal": {
      "version": "1.2.0",
      "resolved": "https://registry.npmjs.org/react-scrollreveal/-/react-scrollreveal-1.2.0.tgz",
      "integrity": "sha512-T3Q7l1/0hgXbfcZ8sbuOvYDs1IWRuxmnQmgmeAQob8Di9HrhOZspSHZXN6yrU5rQ6AG0aee8qiEWfUpNtYLcgA==",
      "peerDependencies": {
        "react": "^16.4.2",
        "react-dom": "^16.4.2",
        "scrollreveal": "^4.0.0"
      }
    },
    "node_modules/rematrix": {
      "version": "0.3.0",
      "resolved": "https://registry.npmjs.org/rematrix/-/rematrix-0.3.0.tgz",
      "integrity": "sha512-xB/9ZvJIKaDgXX0qkvV9/pLD8zK23A6TVV6F8Vhsl+SrxbBeVYutz5uszxgC6Rt3RP9LZiH8OXaYjr+x6WXWmQ==",
      "peer": true
    },
    "node_modules/scheduler": {
      "version": "0.19.1",
      "resolved": "https://registry.npmjs.org/scheduler/-/scheduler-0.19.1.tgz",
      "integrity": "sha512-n/zwRWRYSUj0/3g/otKDRPMh6qv2SYMWNq85IEa8iZyAv8od9zDYpGSnpBEjNgcMNq6Scbu5KfIPxNF72R/2EA==",
      "peer": true,
      "dependencies": {
        "loose-envify": "^1.1.0",
        "object-assign": "^4.1.1"
      }
    },
    "node_modules/scrollreveal": {
      "version": "4.0.9",
      "resolved": "https://registry.npmjs.org/scrollreveal/-/scrollreveal-4.0.9.tgz",
      "integrity": "sha512-fefGvzVS8YbXbDK1+T0kvy2yqxaiBJZeGUhPeqajf+7sGqtX4xikbKGAlzQuPCpswAMswx94ZwhDjXKnRIqW1w==",
      "hasInstallScript": true,
      "peer": true,
      "dependencies": {
        "miniraf": "1.0.0",
        "rematrix": "0.3.0",
        "tealight": "0.3.6"
      }
    },
    "node_modules/tealight": {
      "version": "0.3.6",
      "resolved": "https://registry.npmjs.org/tealight/-/tealight-0.3.6.tgz",
      "integrity": "sha512-Dys3N8jFBThD9pNVpPCyUiu6DfWcTBdqWQJIvnAuVaFkGEdrPBJ43070vVbn6sTlLvn2IQK2zFW4FrVIrTo8eQ==",
      "peer": true,
      "dependencies": {
        "is-dom-node": "^1.0.4",
        "is-dom-node-list": "^1.2.1"
      }
    }
  },
  "dependencies": {
    "is-dom-node": {
      "version": "1.0.4",
      "resolved": "https://registry.npmjs.org/is-dom-node/-/is-dom-node-1.0.4.tgz",
      "integrity": "sha512-NEnTHKCeyGJTL0cKdzATF8SWzyTMYf5CbNKWBvsXvyMxZG32g+a09qkeCbrfQNLTD85CbPeHb4YjIJCjyzF0yA==",
      "peer": true
    },
    "is-dom-node-list": {
      "version": "1.2.1",
      "resolved": "https://registry.npmjs.org/is-dom-node-list/-/is-dom-node-list-1.2.1.tgz",
      "integrity": "sha512-P1H071iT5TGG8pAHslhrLDo/tQLYc8tGuWABVqhGU4l2mm7aDNb9cx2myQ2AujEQO6B2cAujcW4a0/+6UfXInw==",
      "peer": true,
      "requires": {
        "is-dom-node": "^1.0.4"
      }
    },
    "js-tokens": {
      "version": "4.0.0",
      "resolved": "https://registry.npmjs.org/js-tokens/-/js-tokens-4.0.0.tgz",
      "integrity": "sha512-RdJUflcE3cUzKiMqQgsCu06FPu9UdIJO0beYbPhHN4k6apgJtifcoCtT9bcxOpYBtpD2kCM6Sbzg4CausW/PKQ==",
      "peer": true
    },
    "loose-envify": {
      "version": "1.4.0",
      "resolved": "https://registry.npmjs.org/loose-envify/-/loose-envify-1.4.0.tgz",
      "integrity": "sha512-lyuxPGr/Wfhrlem2CL/UcnUc1zcqKAImBDzukY7Y5F/yQiNdko6+fRLevlw1HgMySw7f611UIY408EtxRSoK3Q==",
      "peer": true,
      "requires": {
        "js-tokens": "^3.0.0 || ^4.0.0"
      }
    },
    "miniraf": {
      "version": "1.0.0",
      "resolved": "https://registry.npmjs.org/miniraf/-/miniraf-1.0.0.tgz",
      "integrity": "sha512-XpvhtJYzVrpXe+JoAthrT9E40NIrSDDMcdHEYL2M+lR/OCas0nadetcBBq/MWYqlgV5aDWVQ3mfAqd+fG6Y/EQ==",
      "peer": true
    },
    "object-assign": {
      "version": "4.1.1",
      "resolved": "https://registry.npmjs.org/object-assign/-/object-assign-4.1.1.tgz",
      "integrity": "sha512-rJgTQnkUnH1sFw8yT6VSU3zD3sWmu6sZhIseY8VX+GRu3P6F7Fu+JNDoXfklElbLJSnc3FUQHVe4cU5hj+BcUg==",
      "peer": true
    },
    "prop-types": {
      "version": "15.8.1",
      "resolved": "https://registry.npmjs.org/prop-types/-/prop-types-15.8.1.tgz",
      "integrity": "sha512-oj87CgZICdulUohogVAR7AjlC0327U4el4L6eAvOqCeudMDVU0NThNaV+b9Df4dXgSP1gXMTnPdhfe/2qDH5cg==",
      "peer": true,
      "requires": {
        "loose-envify": "^1.4.0",
        "object-assign": "^4.1.1",
        "react-is": "^16.13.1"
      }
    },
    "react": {
      "version": "16.14.0",
      "resolved": "https://registry.npmjs.org/react/-/react-16.14.0.tgz",
      "integrity": "sha512-0X2CImDkJGApiAlcf0ODKIneSwBPhqJawOa5wCtKbu7ZECrmS26NvtSILynQ66cgkT/RJ4LidJOc3bUESwmU8g==",
      "peer": true,
      "requires": {
        "loose-envify": "^1.1.0",
        "object-assign": "^4.1.1",
        "prop-types": "^15.6.2"
      }
    },
    "react-dom": {
      "version": "16.14.0",
      "resolved": "https://registry.npmjs.org/react-dom/-/react-dom-16.14.0.tgz",
      "integrity": "sha512-1gCeQXDLoIqMgqD3IO2Ah9bnf0w9kzhwN5q4FGnHZ67hBm9yePzB5JJAIQCc8x3pFnNlwFq4RidZggNAAkzWWw==",
      "peer": true,
      "requires": {
        "loose-envify": "^1.1.0",
        "object-assign": "^4.1.1",
        "prop-types": "^15.6.2",
        "scheduler": "^0.19.1"
      }
    },
    "react-is": {
      "version": "16.13.1",
      "resolved": "https://registry.npmjs.org/react-is/-/react-is-16.13.1.tgz",
      "integrity": "sha512-24e6ynE2H+OKt4kqsOvNd8kBpV65zoxbA4BVsEOB3ARVWQki/DHzaUoC5KuON/BiccDaCCTZBuOcfZs70kR8bQ==",
      "peer": true
    },
    "react-scrollreveal": {
      "version": "1.2.0",
      "resolved": "https://registry.npmjs.org/react-scrollreveal/-/react-scrollreveal-1.2.0.tgz",
      "integrity": "sha512-T3Q7l1/0hgXbfcZ8sbuOvYDs1IWRuxmnQmgmeAQob8Di9HrhOZspSHZXN6yrU5rQ6AG0aee8qiEWfUpNtYLcgA==",
      "requires": {}
    },
    "rematrix": {
      "version": "0.3.0",
      "resolved": "https://registry.npmjs.org/rematrix/-/rematrix-0.3.0.tgz",
      "integrity": "sha512-xB/9ZvJIKaDgXX0qkvV9/pLD8zK23A6TVV6F8Vhsl+SrxbBeVYutz5uszxgC6Rt3RP9LZiH8OXaYjr+x6WXWmQ==",
      "peer": true
    },
    "scheduler": {
      "version": "0.19.1",
      "resolved": "https://registry.npmjs.org/scheduler/-/scheduler-0.19.1.tgz",
      "integrity": "sha512-n/zwRWRYSUj0/3g/otKDRPMh6qv2SYMWNq85IEa8iZyAv8od9zDYpGSnpBEjNgcMNq6Scbu5KfIPxNF72R/2EA==",
      "peer": true,
      "requires": {
        "loose-envify": "^1.1.0",
        "object-assign": "^4.1.1"
      }
    },
    "scrollreveal": {
      "version": "4.0.9",
      "resolved": "https://registry.npmjs.org/scrollreveal/-/scrollreveal-4.0.9.tgz",
      "integrity": "sha512-fefGvzVS8YbXbDK1+T0kvy2yqxaiBJZeGUhPeqajf+7sGqtX4xikbKGAlzQuPCpswAMswx94ZwhDjXKnRIqW1w==",
      "peer": true,
      "requires": {
        "miniraf": "1.0.0",
        "rematrix": "0.3.0",
        "tealight": "0.3.6"
      }
    },
    "tealight": {
      "version": "0.3.6",
      "resolved": "https://registry.npmjs.org/tealight/-/tealight-0.3.6.tgz",
      "integrity": "sha512-Dys3N8jFBThD9pNVpPCyUiu6DfWcTBdqWQJIvnAuVaFkGEdrPBJ43070vVbn6sTlLvn2IQK2zFW4FrVIrTo8eQ==",
      "peer": true,
      "requires": {
        "is-dom-node": "^1.0.4",
        "is-dom-node-list": "^1.2.1"
      }
    }
  }
}
